Microsoft Visual Studio Solution File, Format Version 12.00
# Visual Studio Version 17
VisualStudioVersion = 17.5.2.0
MinimumVisualStudioVersion = 10.0.40219.1
Project("{FAE04EC0-301F-11D3-BF4B-00C04F79EFBC}") = "DSSAFinalProject", "DSSAFinalProject.csproj", "{3FFEA1EC-841C-4695-81EF-AE8DCC3E92F4}"
EndProject
Global
	GlobalSection(SolutionConfigurationPlatforms) = preSolution
		Debug|Any CPU = Debug|Any CPU
		Release|Any CPU = Release|Any CPU
	EndGlobalSection
	GlobalSection(ProjectConfigurationPlatforms) = postSolution
		{3FFEA1EC-841C-4695-81EF-AE8DCC3E92F4}.Debug|Any CPU.ActiveCfg = Debug|Any CPU
		{3FFEA1EC-841C-4695-81EF-AE8DCC3E92F4}.Debug|Any CPU.Build.0 = Debug|Any CPU
		{3FFEA1EC-841C-4695-81EF-AE8DCC3E92F4}.Release|Any CPU.ActiveCfg = Release|Any CPU
		{3FFEA1EC-841C-4695-81EF-AE8DCC3E92F4}.Release|Any CPU.Build.0 = Release|Any CPU
	EndGlobalSection
	GlobalSection(SolutionProperties) = preSolution
		HideSolutionNode = FALSE
	EndGlobalSection
	GlobalSection(ExtensibilityGlobals) = postSolution
		SolutionGuid = {36B560F6-57E3-452E-8924-43B432E593CD}
	EndGlobalSection
EndGlobal
